
Microsoft Visual Studio Solution File, Format Version 12.00
# Visual Studio Version 17
VisualStudioVersion = 17.5.002.0
MinimumVisualStudioVersion = 10.0.40219.1
Project("{9A19103F-16F7-4668-BE54-9A1E7A4F7556}") = "TP1 C-Sharp", "TP1 C-Sharp.csproj", "{D129E04B-8E2D-4919-90A2-2871845AC55F}"
EndProject
Global
	GlobalSection(SolutionConfigurationPlatforms) = preSolution
		Debug|Any CPU = Debug|Any CPU
		Release|Any CPU = Release|Any CPU
	EndGlobalSection
	GlobalSection(ProjectConfigurationPlatforms) = postSolution
		{D129E04B-8E2D-4919-90A2-2871845AC55F}.Debug|Any CPU.ActiveCfg = Debug|Any CPU
		{D129E04B-8E2D-4919-90A2-2871845AC55F}.Debug|Any CPU.Build.0 = Debug|Any CPU
		{D129E04B-8E2D-4919-90A2-2871845AC55F}.Release|Any CPU.ActiveCfg = Release|Any CPU
		{D129E04B-8E2D-4919-90A2-2871845AC55F}.Release|Any CPU.Build.0 = Release|Any CPU
	EndGlobalSection
	GlobalSection(SolutionProperties) = preSolution
		HideSolutionNode = FALSE
	EndGlobalSection
	GlobalSection(ExtensibilityGlobals) = postSolution
		SolutionGuid = {9BA87953-59E5-4D96-A89A-B117E39F1EEB}
	EndGlobalSection
EndGlobal
